
Microsoft Visual Studio Solution File, Format Version 11.00
# Visual Studio 2010
Project("{FAE04EC0-301F-11D3-BF4B-00C04F79EFBC}") = "Assembly-CSharp", "Assembly-CSharp.csproj", "{ed31862c-8a13-30c8-97e9-2434deb19aea}"
EndProject
Project("{FAE04EC0-301F-11D3-BF4B-00C04F79EFBC}") = "Assembly-CSharp-firstpass", "Assembly-CSharp-firstpass.csproj", "{1f6f1fd2-a6f4-e41a-4616-d134521e382a}"
EndProject
Global
	GlobalSection(SolutionConfigurationPlatforms) = preSolution
		Debug|Any CPU = Debug|Any CPU
	EndGlobalSection
	GlobalSection(ProjectConfigurationPlatforms) = postSolution
		{ed31862c-8a13-30c8-97e9-2434deb19aea}.Debug|Any CPU.ActiveCfg = Debug|Any CPU
		{ed31862c-8a13-30c8-97e9-2434deb19aea}.Debug|Any CPU.Build.0 = Debug|Any CPU
		{1f6f1fd2-a6f4-e41a-4616-d134521e382a}.Debug|Any CPU.ActiveCfg = Debug|Any CPU
		{1f6f1fd2-a6f4-e41a-4616-d134521e382a}.Debug|Any CPU.Build.0 = Debug|Any CPU
	EndGlobalSection
	GlobalSection(SolutionProperties) = preSolution
		HideSolutionNode = FALSE
	EndGlobalSection
EndGlobal
